
Microsoft Visual Studio Solution File, Format Version 12.00
# Visual Studio Version 16
VisualStudioVersion = 16.0.30711.63
MinimumVisualStudioVersion = 10.0.40219.1
Project("{FAE04EC0-301F-11D3-BF4B-00C04F79EFBC}") = "WebREST", "WebREST\WebREST.csproj", "{28358D98-F02A-4956-958E-E6829706CC15}"
EndProject
Global
	GlobalSection(SolutionConfigurationPlatforms) = preSolution
		Debug|Any CPU = Debug|Any CPU
		Release|Any CPU = Release|Any CPU
	EndGlobalSection
	GlobalSection(ProjectConfigurationPlatforms) = postSolution
		{28358D98-F02A-4956-958E-E6829706CC15}.Debug|Any CPU.ActiveCfg = Debug|Any CPU
		{28358D98-F02A-4956-958E-E6829706CC15}.Debug|Any CPU.Build.0 = Debug|Any CPU
		{28358D98-F02A-4956-958E-E6829706CC15}.Release|Any CPU.ActiveCfg = Release|Any CPU
		{28358D98-F02A-4956-958E-E6829706CC15}.Release|Any CPU.Build.0 = Release|Any CPU
	EndGlobalSection
	GlobalSection(SolutionProperties) = preSolution
		HideSolutionNode = FALSE
	EndGlobalSection
	GlobalSection(ExtensibilityGlobals) = postSolution
		SolutionGuid = {5E0FF9F4-2D5D-424D-B992-9FE84AD71AF8}
	EndGlobalSection
EndGlobal
